// !$*UTF8*$!
{
	archiveVersion = 1;
	classes = {
	};
	objectVersion = 51;
	objects = {

/* Begin PBXBuildFile section */
		6E4FA564234E8FD9005B0234 /* AppDelegate.swift in Sources */ = {isa = PBXBuildFile; fileRef = 6E4FA563234E8FD9005B0234 /* AppDelegate.swift */; };
		6E4FA566234E8FD9005B0234 /* SceneDelegate.swift in Sources */ = {isa = PBXBuildFile; fileRef = 6E4FA565234E8FD9005B0234 /* SceneDelegate.swift */; };
		6E4FA568234E8FD9005B0234 /* ViewController.swift in Sources */ = {isa = PBXBuildFile; fileRef = 6E4FA567234E8FD9005B0234 /* ViewController.swift */; };
		6E4FA56B234E8FD9005B0234 /* Main.storyboard in Resources */ = {isa = PBXBuildFile; fileRef = 6E4FA569234E8FD9005B0234 /* Main.storyboard */; };
		6E4FA56D234E8FDC005B0234 /* Assets.xcassets in Resources */ = {isa = PBXBuildFile; fileRef = 6E4FA56C234E8FDC005B0234 /* Assets.xcassets */; };
		6E4FA570234E8FDC005B0234 /* LaunchScreen.storyboard in Resources */ = {isa = PBXBuildFile; fileRef = 6E4FA56E234E8FDC005B0234 /* LaunchScreen.storyboard */; };
		6E9FDD20234E92BE00C3ABF1 /* DateCollectionViewCell.swift in Sources */ = {isa = PBXBuildFile; fileRef = 6E9FDD1F234E92BE00C3ABF1 /* DateCollectionViewCell.swift */; };
		B3DF250574214EA0334016C5 /* Pods_Greedy.framework in Frameworks */ = {isa = PBXBuildFile; fileRef = AA628CA5DF00EF95EBD2A1F9 /* Pods_Greedy.framework */; };
/* End PBXBuildFile section */

/* Begin PBXFileReference section */
		39030FE00DBB29AA5AE24D14 /* Pods-Greedy.debug.xcconfig */ = {isa = PBXFileReference; includeInIndex = 1; lastKnownFileType = text.xcconfig; name = "Pods-Greedy.debug.xcconfig"; path = "Target Support Files/Pods-Greedy/Pods-Greedy.debug.xcconfig"; sourceTree = "<group>"; };
		6E4FA560234E8FD9005B0234 /* Greedy.app */ = {isa = PBXFileReference; explicitFileType = wrapper.application; includeInIndex = 0; path = Greedy.app; sourceTree = BUILT_PRODUCTS_DIR; };
		6E4FA563234E8FD9005B0234 /* AppDelegate.swift */ = {isa = PBXFileReference; lastKnownFileType = sourcecode.swift; path = AppDelegate.swift; sourceTree = "<group>"; };
		6E4FA565234E8FD9005B0234 /* SceneDelegate.swift */ = {isa = PBXFileReference; lastKnownFileType = sourcecode.swift; path = SceneDelegate.swift; sourceTree = "<group>"; };
		6E4FA567234E8FD9005B0234 /* ViewController.swift */ = {isa = PBXFileReference; lastKnownFileType = sourcecode.swift; path = ViewController.swift; sourceTree = "<group>"; };
		6E4FA56A234E8FD9005B0234 /* Base */ = {isa = PBXFileReference; lastKnownFileType = file.storyboard; name = Base; path = Base.lproj/Main.storyboard; sourceTree = "<group>"; };
		6E4FA56C234E8FDC005B0234 /* Assets.xcassets */ = {isa = PBXFileReference; lastKnownFileType = folder.assetcatalog; path = Assets.xcassets; sourceTree = "<group>"; };
		6E4FA56F234E8FDC005B0234 /* Base */ = {isa = PBXFileReference; lastKnownFileType = file.storyboard; name = Base; path = Base.lproj/LaunchScreen.storyboard; sourceTree = "<group>"; };
		6E4FA571234E8FDC005B0234 /* Info.plist */ = {isa = PBXFileReference; lastKnownFileType = text.plist.xml; path = Info.plist; sourceTree = "<group>"; };
		6E9FDD1F234E92BE00C3ABF1 /* DateCollectionViewCell.swift */ = {isa = PBXFileReference; lastKnownFileType = sourcecode.swift; path = DateCollectionViewCell.swift; sourceTree = "<group>"; };
		AA628CA5DF00EF95EBD2A1F9 /* Pods_Greedy.framework */ = {isa = PBXFileReference; explicitFileType = wrapper.framework; includeInIndex = 0; path = Pods_Greedy.framework; sourceTree = BUILT_PRODUCTS_DIR; };
		D375DD6B694F72EEFB262824 /* Pods-Greedy.release.xcconfig */ = {isa = PBXFileReference; includeInIndex = 1; lastKnownFileType = text.xcconfig; name = "Pods-Greedy.release.xcconfig"; path = "Target Support Files/Pods-Greedy/Pods-Greedy.release.xcconfig"; sourceTree = "<group>"; };
/* End PBXFileReference section */

/* Begin PBXFrameworksBuildPhase section */
		6E4FA55D234E8FD9005B0234 /* Frameworks */ = {
			isa = PBXFrameworksBuildPhase;
			buildActionMask = 2147483647;
			files = (
				B3DF250574214EA0334016C5 /* Pods_Greedy.framework in Frameworks */,
			);
			runOnlyForDeploymentPostprocessing = 0;
		};
/* End PBXFrameworksBuildPhase section */

/* Begin PBXGroup section */
		6E4FA557234E8FD9005B0234 = {
			isa = PBXGroup;
			children = (
				6E4FA562234E8FD9005B0234 /* Greedy */,
				6E4FA561234E8FD9005B0234 /* Products */,
				EB7A7028303E151BFA87ED99 /* Pods */,
				AC7A8F9F67F1E7FF7B110A29 /* Frameworks */,
			);
			sourceTree = "<group>";
		};
		6E4FA561234E8FD9005B0234 /* Products */ = {
			isa = PBXGroup;
			children = (
				6E4FA560234E8FD9005B0234 /* Greedy.app */,
			);
			name = Products;
			sourceTree = "<group>";
		};
		6E4FA562234E8FD9005B0234 /* Greedy */ = {
			isa = PBXGroup;
			children = (
				6E4FA563234E8FD9005B0234 /* AppDelegate.swift */,
				6E4FA565234E8FD9005B0234 /* SceneDelegate.swift */,
				6E4FA567234E8FD9005B0234 /* ViewController.swift */,
				6E4FA569234E8FD9005B0234 /* Main.storyboard */,
				6E4FA56C234E8FDC005B0234 /* Assets.xcassets */,
				6E4FA56E234E8FDC005B0234 /* LaunchScreen.storyboard */,
				6E4FA571234E8FDC005B0234 /* Info.plist */,
				6E9FDD1F234E92BE00C3ABF1 /* DateCollectionViewCell.swift */,
			);
			path = Greedy;
			sourceTree = "<group>";
		};
		AC7A8F9F67F1E7FF7B110A29 /* Frameworks */ = {
			isa = PBXGroup;
			children = (
				AA628CA5DF00EF95EBD2A1F9 /* Pods_Greedy.framework */,
			);
			name = Frameworks;
			sourceTree = "<group>";
		};
		EB7A7028303E151BFA87ED99 /* Pods */ = {
			isa = PBXGroup;
			children = (
				39030FE00DBB29AA5AE24D14 /* Pods-Greedy.debug.xcconfig */,
				D375DD6B694F72EEFB262824 /* Pods-Greedy.release.xcconfig */,
			);
			path = Pods;
			sourceTree = "<group>";
		};
/* End PBXGroup section */

/* Begin PBXNativeTarget section */
		6E4FA55F234E8FD9005B0234 /* Greedy */ = {
			isa = PBXNativeTarget;
			buildConfigurationList = 6E4FA574234E8FDC005B0234 /* Build configuration list for PBXNativeTarget "Greedy" */;
			buildPhases = (
				6196CE793CF6DA439C0DC34C /* [CP] Check Pods Manifest.lock */,
				6E4FA55C234E8FD9005B0234 /* Sources */,
				6E4FA55D234E8FD9005B0234 /* Frameworks */,
				6E4FA55E234E8FD9005B0234 /* Resources */,
				D21650FECD4F57391037A355 /* [CP] Embed Pods Frameworks */,
			);
			buildRules = (
			);
			dependencies = (
			);
			name = Greedy;
			productName = Greedy;
			productReference = 6E4FA560234E8FD9005B0234 /* Greedy.app */;
			productType = "com.apple.product-type.application";
		};
/* End PBXNativeTarget section */

/* Begin PBXProject section */
		6E4FA558234E8FD9005B0234 /* Project object */ = {
			isa = PBXProject;
			attributes = {
				LastSwiftUpdateCheck = 1100;
				LastUpgradeCheck = 1100;
				ORGANIZATIONNAME = "Luis Gustavo Avelino de Lima Jacinto";
				TargetAttributes = {
					6E4FA55F234E8FD9005B0234 = {
						CreatedOnToolsVersion = 11.0;
					};
				};
			};
			buildConfigurationList = 6E4FA55B234E8FD9005B0234 /* Build configuration list for PBXProject "Greedy" */;
			compatibilityVersion = "Xcode 9.3";
			developmentRegion = en;
			hasScannedForEncodings = 0;
			knownRegions = (
				en,
				Base,
			);
			mainGroup = 6E4FA557234E8FD9005B0234;
			productRefGroup = 6E4FA561234E8FD9005B0234 /* Products */;
			projectDirPath = "";
			projectRoot = "";
			targets = (
				6E4FA55F234E8FD9005B0234 /* Greedy */,
			);
		};
/* End PBXProject section */

/* Begin PBXResourcesBuildPhase section */
		6E4FA55E234E8FD9005B0234 /* Resources */ = {
			isa = PBXResourcesBuildPhase;
			buildActionMask = 2147483647;
			files = (
				6E4FA570234E8FDC005B0234 /* LaunchScreen.storyboard in Resources */,
				6E4FA56D234E8FDC005B0234 /* Assets.xcassets in Resources */,
				6E4FA56B234E8FD9005B0234 /* Main.storyboard in Resources */,
			);
			runOnlyForDeploymentPostprocessing = 0;
		};
/* End PBXResourcesBuildPhase section */

/* Begin PBXShellScriptBuildPhase section */
		6196CE793CF6DA439C0DC34C /* [CP] Check Pods Manifest.lock */ = {
			isa = PBXShellScriptBuildPhase;
			buildActionMask = 2147483647;
			files = (
			);
			inputFileListPaths = (
			);
			inputPaths = (
				"${PODS_PODFILE_DIR_PATH}/Podfile.lock",
				"${PODS_ROOT}/Manifest.lock",
			);
			name = "[CP] Check Pods Manifest.lock";
			outputFileListPaths = (
			);
			outputPaths = (
				"$(DERIVED_FILE_DIR)/Pods-Greedy-checkManifestLockResult.txt",
			);
			runOnlyForDeploymentPostprocessing = 0;
			shellPath = /bin/sh;
			shellScript = "diff \"${PODS_PODFILE_DIR_PATH}/Podfile.lock\" \"${PODS_ROOT}/Manifest.lock\" > /dev/null\nif [ $? != 0 ] ; then\n    # print error to STDERR\n    echo \"error: The sandbox is not in sync with the Podfile.lock. Run 'pod install' or update your CocoaPods installation.\" >&2\n    exit 1\nfi\n# This output is used by Xcode 'outputs' to avoid re-running this script phase.\necho \"SUCCESS\" > \"${SCRIPT_OUTPUT_FILE_0}\"\n";
			showEnvVarsInLog = 0;
		};
		D21650FECD4F57391037A355 /* [CP] Embed Pods Frameworks */ = {
			isa = PBXShellScriptBuildPhase;
			buildActionMask = 2147483647;
			files = (
			);
			inputFileListPaths = (
				"${PODS_ROOT}/Target Support Files/Pods-Greedy/Pods-Greedy-frameworks-${CONFIGURATION}-input-files.xcfilelist",
			);
			name = "[CP] Embed Pods Frameworks";
			outputFileListPaths = (
				"${PODS_ROOT}/Target Support Files/Pods-Greedy/Pods-Greedy-frameworks-${CONFIGURATION}-output-files.xcfilelist",
			);
			runOnlyForDeploymentPostprocessing = 0;
			shellPath = /bin/sh;
			shellScript = "\"${PODS_ROOT}/Target Support Files/Pods-Greedy/Pods-Greedy-frameworks.sh\"\n";
			showEnvVarsInLog = 0;
		};
/* End PBXShellScriptBuildPhase section */

/* Begin PBXSourcesBuildPhase section */
		6E4FA55C234E8FD9005B0234 /* Sources */ = {
			isa = PBXSourcesBuildPhase;
			buildActionMask = 2147483647;
			files = (
				6E9FDD20234E92BE00C3ABF1 /* DateCollectionViewCell.swift in Sources */,
				6E4FA568234E8FD9005B0234 /* ViewController.swift in Sources */,
				6E4FA564234E8FD9005B0234 /* AppDelegate.swift in Sources */,
				6E4FA566234E8FD9005B0234 /* SceneDelegate.swift in Sources */,
			);
			runOnlyForDeploymentPostprocessing = 0;
		};
/* End PBXSourcesBuildPhase section */

/* Begin PBXVariantGroup section */
		6E4FA569234E8FD9005B0234 /* Main.storyboard */ = {
			isa = PBXVariantGroup;
			children = (
				6E4FA56A234E8FD9005B0234 /* Base */,
			);
			name = Main.storyboard;
			sourceTree = "<group>";
		};
		6E4FA56E234E8FDC005B0234 /* LaunchScreen.storyboard */ = {
			isa = PBXVariantGroup;
			children = (
				6E4FA56F234E8FDC005B0234 /* Base */,
			);
			name = LaunchScreen.storyboard;
			sourceTree = "<group>";
		};
/* End PBXVariantGroup section */

/* Begin XCBuildConfiguration section */
		6E4FA572234E8FDC005B0234 /* Debug */ = {
			isa = XCBuildConfiguration;
			buildSettings = {
				ALWAYS_SEARCH_USER_PATHS = NO;
				CLANG_ANALYZER_NONNULL = YES;
				CLANG_ANALYZER_NUMBER_OBJECT_CONVERSION = YES_AGGRESSIVE;
				CLANG_CXX_LANGUAGE_STANDARD = "gnu++14";
				CLANG_CXX_LIBRARY = "libc++";
				CLANG_ENABLE_MODULES = YES;
				CLANG_ENABLE_OBJC_ARC = YES;
				CLANG_ENABLE_OBJC_WEAK = YES;
				CLANG_WARN_BLOCK_CAPTURE_AUTORELEASING = YES;
				CLANG_WARN_BOOL_CONVERSION = YES;
				CLANG_WARN_COMMA = YES;
				CLANG_WARN_CONSTANT_CONVERSION = YES;
				CLANG_WARN_DEPRECATED_OBJC_IMPLEMENTATIONS = YES;
				CLANG_WARN_DIRECT_OBJC_ISA_USAGE = YES_ERROR;
				CLANG_WARN_DOCUMENTATION_COMMENTS = YES;
				CLANG_WARN_EMPTY_BODY = YES;
				CLANG_WARN_ENUM_CONVERSION = YES;
				CLANG_WARN_INFINITE_RECURSION = YES;
				CLANG_WARN_INT_CONVERSION = YES;
				CLANG_WARN_NON_LITERAL_NULL_CONVERSION = YES;
				CLANG_WARN_OBJC_IMPLICIT_RETAIN_SELF = YES;
				CLANG_WARN_OBJC_LITERAL_CONVERSION = YES;
				CLANG_WARN_OBJC_ROOT_CLASS = YES_ERROR;
				CLANG_WARN_RANGE_LOOP_ANALYSIS = YES;
				CLANG_WARN_STRICT_PROTOTYPES = YES;
				CLANG_WARN_SUSPICIOUS_MOVE = YES;
				CLANG_WARN_UNGUARDED_AVAILABILITY = YES_AGGRESSIVE;
				CLANG_WARN_UNREACHABLE_CODE = YES;
				CLANG_WARN__DUPLICATE_METHOD_MATCH = YES;
				COPY_PHASE_STRIP = NO;
				DEBUG_INFORMATION_FORMAT = dwarf;
				ENABLE_STRICT_OBJC_MSGSEND = YES;
				ENABLE_TESTABILITY = YES;
				GCC_C_LANGUAGE_STANDARD = gnu11;
				GCC_DYNAMIC_NO_PIC = NO;
				GCC_NO_COMMON_BLOCKS = YES;
				GCC_OPTIMIZATION_LEVEL = 0;
				GCC_PREPROCESSOR_DEFINITIONS = (
					"DEBUG=1",
					"$(inherited)",
				);
				GCC_WARN_64_TO_32_BIT_CONVERSION = YES;
				GCC_WARN_ABOUT_RETURN_TYPE = YES_ERROR;
				GCC_WARN_UNDECLARED_SELECTOR = YES;
				GCC_WARN_UNINITIALIZED_AUTOS = YES_AGGRESSIVE;
				GCC_WARN_UNUSED_FUNCTION = YES;
				GCC_WARN_UNUSED_VARIABLE = YES;
				IPHONEOS_DEPLOYMENT_TARGET = 13.0;
				MTL_ENABLE_DEBUG_INFO = INCLUDE_SOURCE;
				MTL_FAST_MATH = YES;
				ONLY_ACTIVE_ARCH = YES;
				SDKROOT = iphoneos;
				SWIFT_ACTIVE_COMPILATION_CONDITIONS = DEBUG;
				SWIFT_OPTIMIZATION_LEVEL = "-Onone";
			};
			name = Debug;
		};
		6E4FA573234E8FDC005B0234 /* Release */ = {
			isa = XCBuildConfiguration;
			buildSettings = {
				ALWAYS_SEARCH_USER_PATHS = NO;
				CLANG_ANALYZER_NONNULL = YES;
				CLANG_ANALYZER_NUMBER_OBJECT_CONVERSION = YES_AGGRESSIVE;
				CLANG_CXX_LANGUAGE_STANDARD = "gnu++14";
				CLANG_CXX_LIBRARY = "libc++";
				CLANG_ENABLE_MODULES = YES;
				CLANG_ENABLE_OBJC_ARC = YES;
				CLANG_ENABLE_OBJC_WEAK = YES;
				CLANG_WARN_BLOCK_CAPTURE_AUTORELEASING = YES;
				CLANG_WARN_BOOL_CONVERSION = YES;
				CLANG_WARN_COMMA = YES;
				CLANG_WARN_CONSTANT_CONVERSION = YES;
				CLANG_WARN_DEPRECATED_OBJC_IMPLEMENTATIONS = YES;
				CLANG_WARN_DIRECT_OBJC_ISA_USAGE = YES_ERROR;
				CLANG_WARN_DOCUMENTATION_COMMENTS = YES;
				CLANG_WARN_EMPTY_BODY = YES;
				CLANG_WARN_ENUM_CONVERSION = YES;
				CLANG_WARN_INFINITE_RECURSION = YES;
				CLANG_WARN_INT_CONVERSION = YES;
				CLANG_WARN_NON_LITERAL_NULL_CONVERSION = YES;
				CLANG_WARN_OBJC_IMPLICIT_RETAIN_SELF = YES;
				CLANG_WARN_OBJC_LITERAL_CONVERSION = YES;
				CLANG_WARN_OBJC_ROOT_CLASS = YES_ERROR;
				CLANG_WARN_RANGE_LOOP_ANALYSIS = YES;
				CLANG_WARN_STRICT_PROTOTYPES = YES;
				CLANG_WARN_SUSPICIOUS_MOVE = YES;
				CLANG_WARN_UNGUARDED_AVAILABILITY = YES_AGGRESSIVE;
				CLANG_WARN_UNREACHABLE_CODE = YES;
				CLANG_WARN__DUPLICATE_METHOD_MATCH = YES;
				COPY_PHASE_STRIP = NO;
				DEBUG_INFORMATION_FORMAT = "dwarf-with-dsym";
				ENABLE_NS_ASSERTIONS = NO;
				ENABLE_STRICT_OBJC_MSGSEND = YES;
				GCC_C_LANGUAGE_STANDARD = gnu11;
				GCC_NO_COMMON_BLOCKS = YES;
				GCC_WARN_64_TO_32_BIT_CONVERSION = YES;
				GCC_WARN_ABOUT_RETURN_TYPE = YES_ERROR;
				GCC_WARN_UNDECLARED_SELECTOR = YES;
				GCC_WARN_UNINITIALIZED_AUTOS = YES_AGGRESSIVE;
				GCC_WARN_UNUSED_FUNCTION = YES;
				GCC_WARN_UNUSED_VARIABLE = YES;
				IPHONEOS_DEPLOYMENT_TARGET = 13.0;
				MTL_ENABLE_DEBUG_INFO = NO;
				MTL_FAST_MATH = YES;
				SDKROOT = iphoneos;
				SWIFT_COMPILATION_MODE = wholemodule;
				SWIFT_OPTIMIZATION_LEVEL = "-O";
				VALIDATE_PRODUCT = YES;
			};
			name = Release;
		};
		6E4FA575234E8FDC005B0234 /* Debug */ = {
			isa = XCBuildConfiguration;
			baseConfigurationReference = 39030FE00DBB29AA5AE24D14 /* Pods-Greedy.debug.xcconfig */;
			buildSettings = {
				ASSETCATALOG_COMPILER_APPICON_NAME = AppIcon;
				CODE_SIGN_STYLE = Automatic;
				DEVELOPMENT_TEAM = A93689JNSR;
				INFOPLIST_FILE = Greedy/Info.plist;
				LD_RUNPATH_SEARCH_PATHS = (
					"$(inherited)",
					"@executable_path/Frameworks",
				);
				PRODUCT_BUNDLE_IDENTIFIER = br.com.bepiducb.Greedy;
				PRODUCT_NAME = "$(TARGET_NAME)";
				SWIFT_VERSION = 5.0;
				TARGETED_DEVICE_FAMILY = "1,2";
			};
			name = Debug;
		};
		6E4FA576234E8FDC005B0234 /* Release */ = {
			isa = XCBuildConfiguration;
			baseConfigurationReference = D375DD6B694F72EEFB262824 /* Pods-Greedy.release.xcconfig */;
			buildSettings = {
				ASSETCATALOG_COMPILER_APPICON_NAME = AppIcon;
				CODE_SIGN_STYLE = Automatic;
				DEVELOPMENT_TEAM = A93689JNSR;
				INFOPLIST_FILE = Greedy/Info.plist;
				LD_RUNPATH_SEARCH_PATHS = (
					"$(inherited)",
					"@executable_path/Frameworks",
				);
				PRODUCT_BUNDLE_IDENTIFIER = br.com.bepiducb.Greedy;
				PRODUCT_NAME = "$(TARGET_NAME)";
				SWIFT_VERSION = 5.0;
				TARGETED_DEVICE_FAMILY = "1,2";
			};
			name = Release;
		};
/* End XCBuildConfiguration section */

/* Begin XCConfigurationList section */
		6E4FA55B234E8FD9005B0234 /* Build configuration list for PBXProject "Greedy" */ = {
			isa = XCConfigurationList;
			buildConfigurations = (
				6E4FA572234E8FDC005B0234 /* Debug */,
				6E4FA573234E8FDC005B0234 /* Release */,
			);
			defaultConfigurationIsVisible = 0;
			defaultConfigurationName = Release;
		};
		6E4FA574234E8FDC005B0234 /* Build configuration list for PBXNativeTarget "Greedy" */ = {
			isa = XCConfigurationList;
			buildConfigurations = (
				6E4FA575234E8FDC005B0234 /* Debug */,
				6E4FA576234E8FDC005B0234 /* Release */,
			);
			defaultConfigurationIsVisible = 0;
			defaultConfigurationName = Release;
		};
/* End XCConfigurationList section */
	};
	rootObject = 6E4FA558234E8FD9005B0234 /* Project object */;
}
